
Microsoft Visual Studio Solution File, Format Version 12.00
# Visual Studio 14
VisualStudioVersion = 14.0.25420.1
MinimumVisualStudioVersion = 10.0.40219.1
Project("{FAE04EC0-301F-11D3-BF4B-00C04F79EFBC}") = "ConsoleApplication1", "ConsoleApplication1\ConsoleApplication1.csproj", "{9335BC4B-550D-499F-BE99-0ADF5C59F27E}"
EndProject
Project("{FAE04EC0-301F-11D3-BF4B-00C04F79EFBC}") = "WindowsFormsApplication1", "WindowsFormsApplication1\WindowsFormsApplication1.csproj", "{A2E3DD06-5F52-46BE-852C-F125870EA04C}"
EndProject
Global
	GlobalSection(SolutionConfigurationPlatforms) = preSolution
		Debug|Any CPU = Debug|Any CPU
		Release|Any CPU = Release|Any CPU
	EndGlobalSection
	GlobalSection(ProjectConfigurationPlatforms) = postSolution
		{9335BC4B-550D-499F-BE99-0ADF5C59F27E}.Debug|Any CPU.ActiveCfg = Debug|Any CPU
		{9335BC4B-550D-499F-BE99-0ADF5C59F27E}.Debug|Any CPU.Build.0 = Debug|Any CPU
		{9335BC4B-550D-499F-BE99-0ADF5C59F27E}.Release|Any CPU.ActiveCfg = Release|Any CPU
		{9335BC4B-550D-499F-BE99-0ADF5C59F27E}.Release|Any CPU.Build.0 = Release|Any CPU
		{A2E3DD06-5F52-46BE-852C-F125870EA04C}.Debug|Any CPU.ActiveCfg = Debug|Any CPU
		{A2E3DD06-5F52-46BE-852C-F125870EA04C}.Debug|Any CPU.Build.0 = Debug|Any CPU
		{A2E3DD06-5F52-46BE-852C-F125870EA04C}.Release|Any CPU.ActiveCfg = Release|Any CPU
		{A2E3DD06-5F52-46BE-852C-F125870EA04C}.Release|Any CPU.Build.0 = Release|Any CPU
	EndGlobalSection
	GlobalSection(SolutionProperties) = preSolution
		HideSolutionNode = FALSE
	EndGlobalSection
EndGlobal
